<?xml version="1.0" encoding="utf-8"?>
<Project ToolsVersion="4.0" xmlns="http://schemas.microsoft.com/developer/msbuild/2003">
  <ItemGroup>
    <Filter Include="Resource Files">
      <UniqueIdentifier>{67DA6AB6-F800-4c08-8B7A-83BB121AAD01}</UniqueIdentifier>
      <Extensions>rc;ico;cur;bmp;dlg;rc2;rct;bin;rgs;gif;jpg;jpeg;jpe;resx;tiff;tif;png;wav;mfcribbon-ms</Extensions>
    </Filter>
    <Filter Include="CODE">
      <UniqueIdentifier>{4FC737F1-C7A5-4376-A066-2A32D752A2FF}</UniqueIdentifier>
      <Extensions>cpp;c;cc;cxx;def;odl;idl;hpj;bat;asm;asmx</Extensions>
    </Filter>
    <Filter Include="CODE\GAME">
      <UniqueIdentifier>{6e4920af-1715-4d25-aa13-60ab0d2d0bb4}</UniqueIdentifier>
    </Filter>
    <Filter Include="CODE\SCENE_STUFF">
      <UniqueIdentifier>{0cf2678f-d612-4123-b960-ee5c4d35f648}</UniqueIdentifier>
    </Filter>
    <Filter Include="CODE\HELPER">
      <UniqueIdentifier>{5576b4d8-f2a2-4157-bef3-0b5d89a8ddae}</UniqueIdentifier>
    </Filter>
    <Filter Include="CODE\DEFAULT">
      <UniqueIdentifier>{c54ec031-2440-4b96-bb39-7810718bd72c}</UniqueIdentifier>
    </Filter>
    <Filter Include="CODE\GAME\UI">
      <UniqueIdentifier>{1008cd62-9d38-42e9-a067-c093ccccd5c1}</UniqueIdentifier>
    </Filter>
    <Filter Include="CODE\GAME\UNIT">
      <UniqueIdentifier>{d17ed382-c8b6-4cbc-b2be-6ff825234f40}</UniqueIdentifier>
    </Filter>
    <Filter Include="CODE\GAME\BULLET">
      <UniqueIdentifier>{9421b291-86c7-4d3b-8796-cae878b003b1}</UniqueIdentifier>
    </Filter>
    <Filter Include="CODE\GAME\WEAPONS">
      <UniqueIdentifier>{dd1c1d82-d342-4449-9a59-60a014aedd58}</UniqueIdentifier>
    </Filter>
    <Filter Include="CODE\GAME\ENEMIES">
      <UniqueIdentifier>{9be2ea85-2d8f-4bcb-9ef8-17330cdfb4ee}</UniqueIdentifier>
    </Filter>
    <Filter Include="CODE\GAME\DEFENSES">
      <UniqueIdentifier>{7952bd64-dbfb-4df7-ba92-04bc76b3cffe}</UniqueIdentifier>
    </Filter>
    <Filter Include="Animation">
      <UniqueIdentifier>{bc40ca4e-d23e-45a5-9a46-01faf72dea93}</UniqueIdentifier>
    </Filter>
    <Filter Include="Astar">
      <UniqueIdentifier>{a19c5264-21fe-4b58-932a-7f60d8edd47e}</UniqueIdentifier>
    </Filter>
    <Filter Include="CODE\SCENE_STUFF\SCENES">
      <UniqueIdentifier>{eb977295-83fd-4cdf-821d-b6c8d0d8aaa0}</UniqueIdentifier>
    </Filter>
  </ItemGroup>
  <ItemGroup>
    <Text Include="ReadMe.txt" />
  </ItemGroup>
  <ItemGroup>
    <ClInclude Include="targetver.h">
      <Filter>CODE\DEFAULT</Filter>
    </ClInclude>
    <ClInclude Include="stdafx.h">
      <Filter>CODE\DEFAULT</Filter>
    </ClInclude>
    <ClInclude Include="MainMenuScene.h">
      <Filter>CODE\SCENE_STUFF\SCENES</Filter>
    </ClInclude>
    <ClInclude Include="SceneMgr.h">
      <Filter>CODE\SCENE_STUFF</Filter>
    </ClInclude>
    <ClInclude Include="Scene.h">
      <Filter>CODE\SCENE_STUFF</Filter>
    </ClInclude>
    <ClInclude Include="GameConstants.h">
      <Filter>CODE\GAME</Filter>
    </ClInclude>
    <ClInclude Include="Vector2D.h">
      <Filter>CODE\HELPER</Filter>
    </ClInclude>
    <ClInclude Include="OrderPointer.h">
      <Filter>CODE\GAME\UI</Filter>
    </ClInclude>
    <ClInclude Include="VisionCone.h">
      <Filter>CODE\GAME\UI</Filter>
    </ClInclude>
    <ClInclude Include="Unit.h">
      <Filter>CODE\GAME\UNIT</Filter>
    </ClInclude>
    <ClInclude Include="UnitController.h">
      <Filter>CODE\GAME\UNIT</Filter>
    </ClInclude>
    <ClInclude Include="BulletFactory.h">
      <Filter>CODE\GAME\BULLET</Filter>
    </ClInclude>
    <ClInclude Include="Bullet.h">
      <Filter>CODE\GAME\BULLET</Filter>
    </ClInclude>
    <ClInclude Include="WeaponFactory.h">
      <Filter>CODE\GAME\WEAPONS</Filter>
    </ClInclude>
    <ClInclude Include="Weapon.h">
      <Filter>CODE\GAME\WEAPONS</Filter>
    </ClInclude>
    <ClInclude Include="Enemy.h">
      <Filter>CODE\GAME\ENEMIES</Filter>
    </ClInclude>
    <ClInclude Include="CollisionManager.h">
      <Filter>CODE\GAME</Filter>
    </ClInclude>
    <ClInclude Include="Polygon.h">
      <Filter>CODE\HELPER</Filter>
    </ClInclude>
    <ClInclude Include="Circle.h">
      <Filter>CODE\HELPER</Filter>
    </ClInclude>
    <ClInclude Include="Bunker.h">
      <Filter>CODE\GAME\DEFENSES</Filter>
    </ClInclude>
    <ClInclude Include="Tower.h">
      <Filter>CODE\GAME\DEFENSES</Filter>
    </ClInclude>
    <ClInclude Include="InputHandler.h">
      <Filter>CODE\HELPER</Filter>
    </ClInclude>
    <ClInclude Include="Animation.h">
      <Filter>Animation</Filter>
    </ClInclude>
    <ClInclude Include="AssetLoader.h">
      <Filter>Animation</Filter>
    </ClInclude>
    <ClInclude Include="AudioMgr.h">
      <Filter>Animation</Filter>
    </ClInclude>
    <ClInclude Include="Light.h">
      <Filter>Animation</Filter>
    </ClInclude>
    <ClInclude Include="LightManager.h">
      <Filter>Animation</Filter>
    </ClInclude>
    <ClInclude Include="LoadScene.h">
      <Filter>CODE\SCENE_STUFF\SCENES</Filter>
    </ClInclude>
    <ClInclude Include="bar.h">
      <Filter>CODE\GAME\UI</Filter>
    </ClInclude>
    <ClInclude Include="UpgradeElement.h">
      <Filter>CODE\GAME\UI</Filter>
    </ClInclude>
    <ClInclude Include="UpgradeManager.h">
      <Filter>CODE\GAME\UI</Filter>
    </ClInclude>
    <ClInclude Include="PulsingText.h">
      <Filter>CODE\GAME\UI</Filter>
    </ClInclude>
    <ClInclude Include="UnitSelector.h">
      <Filter>CODE\GAME\UNIT</Filter>
    </ClInclude>
    <ClInclude Include="Bolt.h">
      <Filter>CODE\GAME\DEFENSES</Filter>
    </ClInclude>
    <ClInclude Include="Pylon.h">
      <Filter>CODE\GAME\DEFENSES</Filter>
    </ClInclude>
    <ClInclude Include="PylonManager.h">
      <Filter>CODE\GAME\DEFENSES</Filter>
    </ClInclude>
    <ClInclude Include="Menu.h">
      <Filter>CODE\SCENE_STUFF\SCENES</Filter>
    </ClInclude>
    <ClInclude Include="SpawnPoint.h">
      <Filter>CODE\GAME\ENEMIES</Filter>
    </ClInclude>
    <ClInclude Include="Line.h">
      <Filter>CODE\HELPER</Filter>
    </ClInclude>
    <ClInclude Include="OptionsScene.h">
      <Filter>CODE\SCENE_STUFF\SCENES</Filter>
    </ClInclude>
    <ClInclude Include="GameScene.h">
      <Filter>CODE\SCENE_STUFF\SCENES</Filter>
    </ClInclude>
    <ClInclude Include="HelpScene.h">
      <Filter>CODE\SCENE_STUFF\SCENES</Filter>
    </ClInclude>
    <ClInclude Include="SelectColorScene.h">
      <Filter>CODE\SCENE_STUFF\SCENES</Filter>
    </ClInclude>
    <ClInclude Include="UIElement.h">
      <Filter>CODE\GAME\UI</Filter>
    </ClInclude>
    <ClInclude Include="PauseScene.h">
      <Filter>CODE\SCENE_STUFF\SCENES</Filter>
    </ClInclude>
    <ClInclude Include="Wave.h">
      <Filter>CODE</Filter>
    </ClInclude>
    <ClInclude Include="WaveManager.h">
      <Filter>CODE</Filter>
    </ClInclude>
    <ClInclude Include="GameOverScene.h">
      <Filter>CODE\SCENE_STUFF\SCENES</Filter>
    </ClInclude>
    <ClInclude Include="GameWinScene.h">
      <Filter>CODE\SCENE_STUFF\SCENES</Filter>
    </ClInclude>
    <ClInclude Include="WeaponUpgrade.h">
      <Filter>CODE</Filter>
    </ClInclude>
    <ClInclude Include="AABB.h">
      <Filter>Astar</Filter>
    </ClInclude>
    <ClInclude Include="Graph.h">
      <Filter>Astar</Filter>
    </ClInclude>
    <ClInclude Include="GraphArc.h">
      <Filter>Astar</Filter>
    </ClInclude>
    <ClInclude Include="GraphNode.h">
      <Filter>Astar</Filter>
    </ClInclude>
    <ClInclude Include="Asset.h">
      <Filter>Animation</Filter>
    </ClInclude>
    <ClInclude Include="BuyMenuScene.h">
      <Filter>CODE\SCENE_STUFF\SCENES</Filter>
    </ClInclude>
    <ClInclude Include="MenuItem.h" />
  </ItemGroup>
  <ItemGroup>
    <ClCompile Include="MainMenuScene.cpp">
      <Filter>CODE\SCENE_STUFF\SCENES</Filter>
    </ClCompile>
    <ClCompile Include="stdafx.cpp">
      <Filter>CODE\DEFAULT</Filter>
    </ClCompile>
    <ClCompile Include="ConsoleApplication1.cpp">
      <Filter>CODE\DEFAULT</Filter>
    </ClCompile>
    <ClCompile Include="SceneMgr.cpp">
      <Filter>CODE\SCENE_STUFF</Filter>
    </ClCompile>
    <ClCompile Include="GameConstants.cpp">
      <Filter>CODE\GAME</Filter>
    </ClCompile>
    <ClCompile Include="Vector2D.cpp">
      <Filter>CODE\HELPER</Filter>
    </ClCompile>
    <ClCompile Include="OrderPointer.cpp">
      <Filter>CODE\GAME\UI</Filter>
    </ClCompile>
    <ClCompile Include="VisionCone.cpp">
      <Filter>CODE\GAME\UI</Filter>
    </ClCompile>
    <ClCompile Include="Unit.cpp">
      <Filter>CODE\GAME\UNIT</Filter>
    </ClCompile>
    <ClCompile Include="UnitController.cpp">
      <Filter>CODE\GAME\UNIT</Filter>
    </ClCompile>
    <ClCompile Include="BulletFactory.cpp">
      <Filter>CODE\GAME\BULLET</Filter>
    </ClCompile>
    <ClCompile Include="Bullet.cpp">
      <Filter>CODE\GAME\BULLET</Filter>
    </ClCompile>
    <ClCompile Include="WeaponFactory.cpp">
      <Filter>CODE\GAME\WEAPONS</Filter>
    </ClCompile>
    <ClCompile Include="Weapon.cpp">
      <Filter>CODE\GAME\WEAPONS</Filter>
    </ClCompile>
    <ClCompile Include="Enemy.cpp">
      <Filter>CODE\GAME\ENEMIES</Filter>
    </ClCompile>
    <ClCompile Include="CollisionManager.cpp">
      <Filter>CODE\GAME</Filter>
    </ClCompile>
    <ClCompile Include="Polygon.cpp">
      <Filter>CODE\HELPER</Filter>
    </ClCompile>
    <ClCompile Include="Circle.cpp">
      <Filter>CODE\HELPER</Filter>
    </ClCompile>
    <ClCompile Include="Bunker.cpp">
      <Filter>CODE\GAME\DEFENSES</Filter>
    </ClCompile>
    <ClCompile Include="Tower.cpp">
      <Filter>CODE\GAME\DEFENSES</Filter>
    </ClCompile>
    <ClCompile Include="InputHandler.cpp">
      <Filter>CODE\HELPER</Filter>
    </ClCompile>
    <ClCompile Include="Animation.cpp">
      <Filter>Animation</Filter>
    </ClCompile>
    <ClCompile Include="AssetLoader.cpp">
      <Filter>Animation</Filter>
    </ClCompile>
    <ClCompile Include="AudioMgr.cpp">
      <Filter>Animation</Filter>
    </ClCompile>
    <ClCompile Include="Light.cpp">
      <Filter>Animation</Filter>
    </ClCompile>
    <ClCompile Include="LightManager.cpp">
      <Filter>Animation</Filter>
    </ClCompile>
    <ClCompile Include="LoadScene.cpp">
      <Filter>CODE\SCENE_STUFF\SCENES</Filter>
    </ClCompile>
    <ClCompile Include="bar.cpp">
      <Filter>CODE\GAME\UI</Filter>
    </ClCompile>
    <ClCompile Include="UnitSelector.cpp">
      <Filter>CODE\GAME\UNIT</Filter>
    </ClCompile>
    <ClCompile Include="UpgradeElement.cpp">
      <Filter>CODE\GAME\UI</Filter>
    </ClCompile>
    <ClCompile Include="UpgradeManager.cpp">
      <Filter>CODE\GAME\UI</Filter>
    </ClCompile>
    <ClCompile Include="PulsingText.cpp">
      <Filter>CODE\GAME\UI</Filter>
    </ClCompile>
    <ClCompile Include="Bolt.cpp">
      <Filter>CODE\GAME\DEFENSES</Filter>
    </ClCompile>
    <ClCompile Include="Pylon.cpp">
      <Filter>CODE\GAME\DEFENSES</Filter>
    </ClCompile>
    <ClCompile Include="PylonManager.cpp">
      <Filter>CODE\GAME\DEFENSES</Filter>
    </ClCompile>
    <ClCompile Include="Menu.cpp">
      <Filter>CODE\SCENE_STUFF\SCENES</Filter>
    </ClCompile>
    <ClCompile Include="SpawnPoint.cpp">
      <Filter>CODE\GAME\ENEMIES</Filter>
    </ClCompile>
    <ClCompile Include="Line.cpp">
      <Filter>CODE\HELPER</Filter>
    </ClCompile>
    <ClCompile Include="Wave.cpp">
      <Filter>CODE</Filter>
    </ClCompile>
    <ClCompile Include="WaveManager.cpp">
      <Filter>CODE</Filter>
    </ClCompile>
    <ClCompile Include="OptionsScene.cpp">
      <Filter>CODE\SCENE_STUFF\SCENES</Filter>
    </ClCompile>
    <ClCompile Include="GameScene.cpp">
      <Filter>CODE\SCENE_STUFF\SCENES</Filter>
    </ClCompile>
    <ClCompile Include="HelpScene.cpp">
      <Filter>CODE\SCENE_STUFF\SCENES</Filter>
    </ClCompile>
    <ClCompile Include="Scene.cpp">
      <Filter>CODE\SCENE_STUFF\SCENES</Filter>
    </ClCompile>
    <ClCompile Include="SelectColorScene.cpp">
      <Filter>CODE\SCENE_STUFF\SCENES</Filter>
    </ClCompile>
    <ClCompile Include="UIElement.cpp">
      <Filter>CODE\GAME\UI</Filter>
    </ClCompile>
    <ClCompile Include="PauseScene.cpp">
      <Filter>CODE\SCENE_STUFF\SCENES</Filter>
    </ClCompile>
    <ClCompile Include="GameOverScene.cpp">
      <Filter>CODE\SCENE_STUFF\SCENES</Filter>
    </ClCompile>
    <ClCompile Include="GameWinScene.cpp">
      <Filter>CODE\SCENE_STUFF\SCENES</Filter>
    </ClCompile>
    <ClCompile Include="WeaponUpgrade.cpp">
      <Filter>CODE</Filter>
    </ClCompile>
    <ClCompile Include="AABB.cpp">
      <Filter>Astar</Filter>
    </ClCompile>
    <ClCompile Include="BuyMenuScene.cpp">
      <Filter>CODE\SCENE_STUFF\SCENES</Filter>
    </ClCompile>
    <ClCompile Include="MenuItem.cpp">
      <Filter>CODE</Filter>
    </ClCompile>
  </ItemGroup>
</Project>